{
  "nodes": {
    "nixpkgs": {
      "locked": {
        "lastModified": 1686178082,
        "narHash": "sha256-ll289AxpC7tomi516m5w8yG/U81k3IR68VGui19pRyw=",
        "owner": "NixOS",
        "repo": "nixpkgs",
        "rev": "b9e05544c9b0a382d3416d602791a63ec2e63217",
        "type": "github"
      },
      "original": {
        "owner": "NixOS",
        "repo": "nixpkgs",
        "type": "github"
      }
    },
    "root": {
      "inputs": {
        "nixpkgs": "nixpkgs"
      }
    }
  },
  "root": "root",
  "version": 7
}
